// !$*UTF8*$!
{
	archiveVersion = 1;
	classes = {
	};
	objectVersion = 56;
	objects = {

/* Begin PBXBuildFile section */
		FB000000000000000000001 /* AuthService.swift in Sources */ = {isa = PBXBuildFile; fileRef = FB100000000000000000001 /* AuthService.swift */; };
		FB000000000000000000003 /* TestViewController.swift in Sources */ = {isa = PBXBuildFile; fileRef = FB100000000000000000003 /* TestViewController.swift */; };
		FB000000000000000000002 /* GoogleService-Info.plist in Resources */ = {isa = PBXBuildFile; fileRef = FB100000000000000000002 /* GoogleService-Info.plist */; };
		FB000000000000000000010 /* FirebaseAuth in Frameworks */ = {isa = PBXBuildFile; productRef = FB200000000000000000002 /* FirebaseAuth */; };
		FB000000000000000000012 /* GoogleSignIn in Frameworks */ = {isa = PBXBuildFile; productRef = FB200000000000000000011 /* GoogleSignIn */; };
		FB000000000000000000013 /* FirebaseFirestore in Frameworks */ = {isa = PBXBuildFile; productRef = FB200000000000000000012 /* FirebaseFirestore */; };
		FB000000000000000000014 /* UserProfile.swift in Sources */ = {isa = PBXBuildFile; fileRef = FB100000000000000000004 /* UserProfile.swift */; };
		FB000000000000000000015 /* ProfileService.swift in Sources */ = {isa = PBXBuildFile; fileRef = FB100000000000000000005 /* ProfileService.swift */; };
		FB000000000000000000016 /* ProfileSheetView.swift in Sources */ = {isa = PBXBuildFile; fileRef = FB100000000000000000006 /* ProfileSheetView.swift */; };
		FB000000000000000000017 /* ProfileSheetViewController.swift in Sources */ = {isa = PBXBuildFile; fileRef = FB100000000000000000007 /* ProfileSheetViewController.swift */; };
		FB000000000000000000018 /* ProfileSheetViewModel.swift in Sources */ = {isa = PBXBuildFile; fileRef = FB100000000000000000008 /* ProfileSheetViewModel.swift */; };
		FB000000000000000000019 /* ProfileSheetViewModelProtocol.swift in Sources */ = {isa = PBXBuildFile; fileRef = FB100000000000000000009 /* ProfileSheetViewModelProtocol.swift */; };
		EA5B6A4C2F816128005357F6 /* AuthViewModel.swift in Sources */ = {isa = PBXBuildFile; fileRef = EA5B6A482F816128005357F6 /* AuthViewModel.swift */; };
		EA5B6A4D2F816128005357F6 /* AuthViewController.swift in Sources */ = {isa = PBXBuildFile; fileRef = EA5B6A442F816128005357F6 /* AuthViewController.swift */; };
		EA5B6A4E2F816128005357F6 /* AuthViewModelProtocol.swift in Sources */ = {isa = PBXBuildFile; fileRef = EA5B6A492F816128005357F6 /* AuthViewModelProtocol.swift */; };
		EA5B6A4F2F816128005357F6 /* AuthView.swift in Sources */ = {isa = PBXBuildFile; fileRef = EA5B6A462F816128005357F6 /* AuthView.swift */; };
		EA5B6A582F81612F005357F6 /* RegisterViewController.swift in Sources */ = {isa = PBXBuildFile; fileRef = EA5B6A502F81612F005357F6 /* RegisterViewController.swift */; };
		EA5B6A592F81612F005357F6 /* RegisterViewModelProtocol.swift in Sources */ = {isa = PBXBuildFile; fileRef = EA5B6A552F81612F005357F6 /* RegisterViewModelProtocol.swift */; };
		EA5B6A5A2F81612F005357F6 /* RegisterViewModel.swift in Sources */ = {isa = PBXBuildFile; fileRef = EA5B6A542F81612F005357F6 /* RegisterViewModel.swift */; };
		EA5B6A5B2F81612F005357F6 /* RegisterView.swift in Sources */ = {isa = PBXBuildFile; fileRef = EA5B6A522F81612F005357F6 /* RegisterView.swift */; };
		FA000000000000000000001 /* AppDelegate.swift in Sources */ = {isa = PBXBuildFile; fileRef = FA100000000000000000001 /* AppDelegate.swift */; };
		FA000000000000000000002 /* SceneDelegate.swift in Sources */ = {isa = PBXBuildFile; fileRef = FA100000000000000000002 /* SceneDelegate.swift */; };
		FA000000000000000000010 /* Coordinator.swift in Sources */ = {isa = PBXBuildFile; fileRef = FA100000000000000000010 /* Coordinator.swift */; };
		FA000000000000000000011 /* AppCoordinator.swift in Sources */ = {isa = PBXBuildFile; fileRef = FA100000000000000000011 /* AppCoordinator.swift */; };
		FA000000000000000000012 /* MainCoordinator.swift in Sources */ = {isa = PBXBuildFile; fileRef = FA100000000000000000012 /* MainCoordinator.swift */; };
		FA000000000000000000013 /* TodayViewModelProtocol.swift in Sources */ = {isa = PBXBuildFile; fileRef = FA100000000000000000013 /* TodayViewModelProtocol.swift */; };
		FA000000000000000000014 /* TodayViewModel.swift in Sources */ = {isa = PBXBuildFile; fileRef = FA100000000000000000014 /* TodayViewModel.swift */; };
		FA000000000000000000015 /* TodayView.swift in Sources */ = {isa = PBXBuildFile; fileRef = FA100000000000000000015 /* TodayView.swift */; };
		FA000000000000000000016 /* TodayViewController.swift in Sources */ = {isa = PBXBuildFile; fileRef = FA100000000000000000016 /* TodayViewController.swift */; };
		FA000000000000000000020 /* OnboardingViewModelProtocol.swift in Sources */ = {isa = PBXBuildFile; fileRef = FA100000000000000000020 /* OnboardingViewModelProtocol.swift */; };
		FA000000000000000000021 /* OnboardingViewModel.swift in Sources */ = {isa = PBXBuildFile; fileRef = FA100000000000000000021 /* OnboardingViewModel.swift */; };
		FA000000000000000000022 /* OnboardingView.swift in Sources */ = {isa = PBXBuildFile; fileRef = FA100000000000000000022 /* OnboardingView.swift */; };
		FA000000000000000000023 /* OnboardingViewController.swift in Sources */ = {isa = PBXBuildFile; fileRef = FA100000000000000000023 /* OnboardingViewController.swift */; };
		FA000000000000000000030 /* ProgressViewModelProtocol.swift in Sources */ = {isa = PBXBuildFile; fileRef = FA100000000000000000030 /* ProgressViewModelProtocol.swift */; };
		FA000000000000000000031 /* ProgressViewModel.swift in Sources */ = {isa = PBXBuildFile; fileRef = FA100000000000000000031 /* ProgressViewModel.swift */; };
		FA000000000000000000032 /* ProgressView.swift in Sources */ = {isa = PBXBuildFile; fileRef = FA100000000000000000032 /* ProgressView.swift */; };
		FA000000000000000000033 /* ProgressViewController.swift in Sources */ = {isa = PBXBuildFile; fileRef = FA100000000000000000033 /* ProgressViewController.swift */; };
		FA000000000000000000040 /* SettingsViewModelProtocol.swift in Sources */ = {isa = PBXBuildFile; fileRef = FA100000000000000000040 /* SettingsViewModelProtocol.swift */; };
		FA000000000000000000041 /* SettingsViewModel.swift in Sources */ = {isa = PBXBuildFile; fileRef = FA100000000000000000041 /* SettingsViewModel.swift */; };
		FA000000000000000000042 /* SettingsView.swift in Sources */ = {isa = PBXBuildFile; fileRef = FA100000000000000000042 /* SettingsView.swift */; };
		FA000000000000000000043 /* SettingsViewController.swift in Sources */ = {isa = PBXBuildFile; fileRef = FA100000000000000000043 /* SettingsViewController.swift */; };
		FA000000000000000000050 /* MainTabBarView.swift in Sources */ = {isa = PBXBuildFile; fileRef = FA100000000000000000050 /* MainTabBarView.swift */; };
		FA000000000000000000051 /* MainViewController.swift in Sources */ = {isa = PBXBuildFile; fileRef = FA100000000000000000051 /* MainViewController.swift */; };
		FA000000000000000000060 /* GreetingViewModelProtocol.swift in Sources */ = {isa = PBXBuildFile; fileRef = FA100000000000000000060 /* GreetingViewModelProtocol.swift */; };
		FA000000000000000000061 /* GreetingViewModel.swift in Sources */ = {isa = PBXBuildFile; fileRef = FA100000000000000000061 /* GreetingViewModel.swift */; };
		FA000000000000000000062 /* GreetingView.swift in Sources */ = {isa = PBXBuildFile; fileRef = FA100000000000000000062 /* GreetingView.swift */; };
		FA000000000000000000063 /* GreetingViewController.swift in Sources */ = {isa = PBXBuildFile; fileRef = FA100000000000000000063 /* GreetingViewController.swift */; };
		FA000000000000000000065 /* CUISocialButton.swift in Sources */ = {isa = PBXBuildFile; fileRef = FA100000000000000000065 /* CUISocialButton.swift */; };
		FA000000000000000000070 /* GoalViewModelProtocol.swift in Sources */ = {isa = PBXBuildFile; fileRef = FA100000000000000000070 /* GoalViewModelProtocol.swift */; };
		FA000000000000000000071 /* GoalViewModel.swift in Sources */ = {isa = PBXBuildFile; fileRef = FA100000000000000000071 /* GoalViewModel.swift */; };
		FA000000000000000000072 /* GoalView.swift in Sources */ = {isa = PBXBuildFile; fileRef = FA100000000000000000072 /* GoalView.swift */; };
		FA000000000000000000073 /* GoalViewController.swift in Sources */ = {isa = PBXBuildFile; fileRef = FA100000000000000000073 /* GoalViewController.swift */; };
		FA000000000000000000080 /* CUIButton.swift in Sources */ = {isa = PBXBuildFile; fileRef = FA100000000000000000080 /* CUIButton.swift */; };
		FA000000000000000000081 /* CUINavigationBar.swift in Sources */ = {isa = PBXBuildFile; fileRef = FA100000000000000000081 /* CUINavigationBar.swift */; };
		FA000000000000000000082 /* CUISelectCard.swift in Sources */ = {isa = PBXBuildFile; fileRef = FA100000000000000000082 /* CUISelectCard.swift */; };
		FA000000000000000000083 /* CUIText.swift in Sources */ = {isa = PBXBuildFile; fileRef = FA100000000000000000083 /* CUIText.swift */; };
		FA000000000000000000084 /* CUITextField.swift in Sources */ = {isa = PBXBuildFile; fileRef = FA100000000000000000084 /* CUITextField.swift */; };
/* End PBXBuildFile section */

/* Begin PBXFileReference section */
		EA5B6A442F816128005357F6 /* AuthViewController.swift */ = {isa = PBXFileReference; lastKnownFileType = sourcecode.swift; path = AuthViewController.swift; sourceTree = "<group>"; };
		EA5B6A462F816128005357F6 /* AuthView.swift */ = {isa = PBXFileReference; lastKnownFileType = sourcecode.swift; path = AuthView.swift; sourceTree = "<group>"; };
		EA5B6A482F816128005357F6 /* AuthViewModel.swift */ = {isa = PBXFileReference; lastKnownFileType = sourcecode.swift; path = AuthViewModel.swift; sourceTree = "<group>"; };
		EA5B6A492F816128005357F6 /* AuthViewModelProtocol.swift */ = {isa = PBXFileReference; lastKnownFileType = sourcecode.swift; path = AuthViewModelProtocol.swift; sourceTree = "<group>"; };
		EA5B6A502F81612F005357F6 /* RegisterViewController.swift */ = {isa = PBXFileReference; lastKnownFileType = sourcecode.swift; path = RegisterViewController.swift; sourceTree = "<group>"; };
		EA5B6A522F81612F005357F6 /* RegisterView.swift */ = {isa = PBXFileReference; lastKnownFileType = sourcecode.swift; path = RegisterView.swift; sourceTree = "<group>"; };
		EA5B6A542F81612F005357F6 /* RegisterViewModel.swift */ = {isa = PBXFileReference; lastKnownFileType = sourcecode.swift; path = RegisterViewModel.swift; sourceTree = "<group>"; };
		EA5B6A552F81612F005357F6 /* RegisterViewModelProtocol.swift */ = {isa = PBXFileReference; lastKnownFileType = sourcecode.swift; path = RegisterViewModelProtocol.swift; sourceTree = "<group>"; };
		FB100000000000000000001 /* AuthService.swift */ = {isa = PBXFileReference; lastKnownFileType = sourcecode.swift; path = AuthService.swift; sourceTree = "<group>"; };
		FB100000000000000000004 /* UserProfile.swift */ = {isa = PBXFileReference; lastKnownFileType = sourcecode.swift; path = UserProfile.swift; sourceTree = "<group>"; };
		FB100000000000000000005 /* ProfileService.swift */ = {isa = PBXFileReference; lastKnownFileType = sourcecode.swift; path = ProfileService.swift; sourceTree = "<group>"; };
		FB100000000000000000006 /* ProfileSheetView.swift */ = {isa = PBXFileReference; lastKnownFileType = sourcecode.swift; path = ProfileSheetView.swift; sourceTree = "<group>"; };
		FB100000000000000000007 /* ProfileSheetViewController.swift */ = {isa = PBXFileReference; lastKnownFileType = sourcecode.swift; path = ProfileSheetViewController.swift; sourceTree = "<group>"; };
		FB100000000000000000008 /* ProfileSheetViewModel.swift */ = {isa = PBXFileReference; lastKnownFileType = sourcecode.swift; path = ProfileSheetViewModel.swift; sourceTree = "<group>"; };
		FB100000000000000000009 /* ProfileSheetViewModelProtocol.swift */ = {isa = PBXFileReference; lastKnownFileType = sourcecode.swift; path = ProfileSheetViewModelProtocol.swift; sourceTree = "<group>"; };
		FB100000000000000000003 /* TestViewController.swift */ = {isa = PBXFileReference; lastKnownFileType = sourcecode.swift; path = TestViewController.swift; sourceTree = "<group>"; };
		FB100000000000000000002 /* GoogleService-Info.plist */ = {isa = PBXFileReference; lastKnownFileType = text.plist.xml; path = "GoogleService-Info.plist"; sourceTree = "<group>"; };
		FA100000000000000000001 /* AppDelegate.swift */ = {isa = PBXFileReference; lastKnownFileType = sourcecode.swift; path = AppDelegate.swift; sourceTree = "<group>"; };
		FA100000000000000000002 /* SceneDelegate.swift */ = {isa = PBXFileReference; lastKnownFileType = sourcecode.swift; path = SceneDelegate.swift; sourceTree = "<group>"; };
		FA100000000000000000004 /* Info.plist */ = {isa = PBXFileReference; lastKnownFileType = text.plist.xml; path = Info.plist; sourceTree = "<group>"; };
		FA100000000000000000010 /* Coordinator.swift */ = {isa = PBXFileReference; lastKnownFileType = sourcecode.swift; path = Coordinator.swift; sourceTree = "<group>"; };
		FA100000000000000000011 /* AppCoordinator.swift */ = {isa = PBXFileReference; lastKnownFileType = sourcecode.swift; path = AppCoordinator.swift; sourceTree = "<group>"; };
		FA100000000000000000012 /* MainCoordinator.swift */ = {isa = PBXFileReference; lastKnownFileType = sourcecode.swift; path = MainCoordinator.swift; sourceTree = "<group>"; };
		FA100000000000000000013 /* TodayViewModelProtocol.swift */ = {isa = PBXFileReference; lastKnownFileType = sourcecode.swift; path = TodayViewModelProtocol.swift; sourceTree = "<group>"; };
		FA100000000000000000014 /* TodayViewModel.swift */ = {isa = PBXFileReference; lastKnownFileType = sourcecode.swift; path = TodayViewModel.swift; sourceTree = "<group>"; };
		FA100000000000000000015 /* TodayView.swift */ = {isa = PBXFileReference; lastKnownFileType = sourcecode.swift; path = TodayView.swift; sourceTree = "<group>"; };
		FA100000000000000000016 /* TodayViewController.swift */ = {isa = PBXFileReference; lastKnownFileType = sourcecode.swift; path = TodayViewController.swift; sourceTree = "<group>"; };
		FA100000000000000000020 /* OnboardingViewModelProtocol.swift */ = {isa = PBXFileReference; lastKnownFileType = sourcecode.swift; path = OnboardingViewModelProtocol.swift; sourceTree = "<group>"; };
		FA100000000000000000021 /* OnboardingViewModel.swift */ = {isa = PBXFileReference; lastKnownFileType = sourcecode.swift; path = OnboardingViewModel.swift; sourceTree = "<group>"; };
		FA100000000000000000022 /* OnboardingView.swift */ = {isa = PBXFileReference; lastKnownFileType = sourcecode.swift; path = OnboardingView.swift; sourceTree = "<group>"; };
		FA100000000000000000023 /* OnboardingViewController.swift */ = {isa = PBXFileReference; lastKnownFileType = sourcecode.swift; path = OnboardingViewController.swift; sourceTree = "<group>"; };
		FA100000000000000000030 /* ProgressViewModelProtocol.swift */ = {isa = PBXFileReference; lastKnownFileType = sourcecode.swift; path = ProgressViewModelProtocol.swift; sourceTree = "<group>"; };
		FA100000000000000000031 /* ProgressViewModel.swift */ = {isa = PBXFileReference; lastKnownFileType = sourcecode.swift; path = ProgressViewModel.swift; sourceTree = "<group>"; };
		FA100000000000000000032 /* ProgressView.swift */ = {isa = PBXFileReference; lastKnownFileType = sourcecode.swift; path = ProgressView.swift; sourceTree = "<group>"; };
		FA100000000000000000033 /* ProgressViewController.swift */ = {isa = PBXFileReference; lastKnownFileType = sourcecode.swift; path = ProgressViewController.swift; sourceTree = "<group>"; };
		FA100000000000000000040 /* SettingsViewModelProtocol.swift */ = {isa = PBXFileReference; lastKnownFileType = sourcecode.swift; path = SettingsViewModelProtocol.swift; sourceTree = "<group>"; };
		FA100000000000000000041 /* SettingsViewModel.swift */ = {isa = PBXFileReference; lastKnownFileType = sourcecode.swift; path = SettingsViewModel.swift; sourceTree = "<group>"; };
		FA100000000000000000042 /* SettingsView.swift */ = {isa = PBXFileReference; lastKnownFileType = sourcecode.swift; path = SettingsView.swift; sourceTree = "<group>"; };
		FA100000000000000000043 /* SettingsViewController.swift */ = {isa = PBXFileReference; lastKnownFileType = sourcecode.swift; path = SettingsViewController.swift; sourceTree = "<group>"; };
		FA100000000000000000050 /* MainTabBarView.swift */ = {isa = PBXFileReference; lastKnownFileType = sourcecode.swift; path = MainTabBarView.swift; sourceTree = "<group>"; };
		FA100000000000000000051 /* MainViewController.swift */ = {isa = PBXFileReference; lastKnownFileType = sourcecode.swift; path = MainViewController.swift; sourceTree = "<group>"; };
		FA100000000000000000060 /* GreetingViewModelProtocol.swift */ = {isa = PBXFileReference; lastKnownFileType = sourcecode.swift; path = GreetingViewModelProtocol.swift; sourceTree = "<group>"; };
		FA100000000000000000061 /* GreetingViewModel.swift */ = {isa = PBXFileReference; lastKnownFileType = sourcecode.swift; path = GreetingViewModel.swift; sourceTree = "<group>"; };
		FA100000000000000000062 /* GreetingView.swift */ = {isa = PBXFileReference; lastKnownFileType = sourcecode.swift; path = GreetingView.swift; sourceTree = "<group>"; };
		FA100000000000000000063 /* GreetingViewController.swift */ = {isa = PBXFileReference; lastKnownFileType = sourcecode.swift; path = GreetingViewController.swift; sourceTree = "<group>"; };
		FA100000000000000000065 /* CUISocialButton.swift */ = {isa = PBXFileReference; lastKnownFileType = sourcecode.swift; path = CUISocialButton.swift; sourceTree = "<group>"; };
		FA100000000000000000070 /* GoalViewModelProtocol.swift */ = {isa = PBXFileReference; lastKnownFileType = sourcecode.swift; path = GoalViewModelProtocol.swift; sourceTree = "<group>"; };
		FA100000000000000000071 /* GoalViewModel.swift */ = {isa = PBXFileReference; lastKnownFileType = sourcecode.swift; path = GoalViewModel.swift; sourceTree = "<group>"; };
		FA100000000000000000072 /* GoalView.swift */ = {isa = PBXFileReference; lastKnownFileType = sourcecode.swift; path = GoalView.swift; sourceTree = "<group>"; };
		FA100000000000000000073 /* GoalViewController.swift */ = {isa = PBXFileReference; lastKnownFileType = sourcecode.swift; path = GoalViewController.swift; sourceTree = "<group>"; };
		FA100000000000000000080 /* CUIButton.swift */ = {isa = PBXFileReference; lastKnownFileType = sourcecode.swift; path = CUIButton.swift; sourceTree = "<group>"; };
		FA100000000000000000081 /* CUINavigationBar.swift */ = {isa = PBXFileReference; lastKnownFileType = sourcecode.swift; path = CUINavigationBar.swift; sourceTree = "<group>"; };
		FA100000000000000000082 /* CUISelectCard.swift */ = {isa = PBXFileReference; lastKnownFileType = sourcecode.swift; path = CUISelectCard.swift; sourceTree = "<group>"; };
		FA100000000000000000083 /* CUIText.swift */ = {isa = PBXFileReference; lastKnownFileType = sourcecode.swift; path = CUIText.swift; sourceTree = "<group>"; };
		FA100000000000000000084 /* CUITextField.swift */ = {isa = PBXFileReference; lastKnownFileType = sourcecode.swift; path = CUITextField.swift; sourceTree = "<group>"; };
		FA200000000000000000001 /* AquaMe.app */ = {isa = PBXFileReference; explicitFileType = wrapper.application; includeInIndex = 0; path = AquaMe.app; sourceTree = BUILT_PRODUCTS_DIR; };
/* End PBXFileReference section */

/* Begin PBXFrameworksBuildPhase section */
		FA300000000000000000001 /* Frameworks */ = {
			isa = PBXFrameworksBuildPhase;
			buildActionMask = 2147483647;
			files = (
				FB000000000000000000010 /* FirebaseAuth in Frameworks */,
				FB000000000000000000012 /* GoogleSignIn in Frameworks */,
				FB000000000000000000013 /* FirebaseFirestore in Frameworks */,
			);
			runOnlyForDeploymentPostprocessing = 0;
		};
/* End PBXFrameworksBuildPhase section */

/* Begin PBXGroup section */
		EA5B6A452F816128005357F6 /* Controller */ = {
			isa = PBXGroup;
			children = (
				EA5B6A442F816128005357F6 /* AuthViewController.swift */,
			);
			path = Controller;
			sourceTree = "<group>";
		};
		EA5B6A472F816128005357F6 /* View */ = {
			isa = PBXGroup;
			children = (
				EA5B6A462F816128005357F6 /* AuthView.swift */,
			);
			path = View;
			sourceTree = "<group>";
		};
		EA5B6A4A2F816128005357F6 /* ViewModel */ = {
			isa = PBXGroup;
			children = (
				EA5B6A482F816128005357F6 /* AuthViewModel.swift */,
				EA5B6A492F816128005357F6 /* AuthViewModelProtocol.swift */,
			);
			path = ViewModel;
			sourceTree = "<group>";
		};
		EA5B6A4B2F816128005357F6 /* Auth */ = {
			isa = PBXGroup;
			children = (
				EA5B6A452F816128005357F6 /* Controller */,
				EA5B6A472F816128005357F6 /* View */,
				EA5B6A4A2F816128005357F6 /* ViewModel */,
			);
			path = Auth;
			sourceTree = "<group>";
		};
		EA5B6A512F81612F005357F6 /* Controller */ = {
			isa = PBXGroup;
			children = (
				EA5B6A502F81612F005357F6 /* RegisterViewController.swift */,
			);
			path = Controller;
			sourceTree = "<group>";
		};
		EA5B6A532F81612F005357F6 /* View */ = {
			isa = PBXGroup;
			children = (
				EA5B6A522F81612F005357F6 /* RegisterView.swift */,
			);
			path = View;
			sourceTree = "<group>";
		};
		EA5B6A562F81612F005357F6 /* ViewModel */ = {
			isa = PBXGroup;
			children = (
				EA5B6A542F81612F005357F6 /* RegisterViewModel.swift */,
				EA5B6A552F81612F005357F6 /* RegisterViewModelProtocol.swift */,
			);
			path = ViewModel;
			sourceTree = "<group>";
		};
		EA5B6A572F81612F005357F6 /* Register */ = {
			isa = PBXGroup;
			children = (
				EA5B6A512F81612F005357F6 /* Controller */,
				EA5B6A532F81612F005357F6 /* View */,
				EA5B6A562F81612F005357F6 /* ViewModel */,
			);
			path = Register;
			sourceTree = "<group>";
		};
		FA400000000000000000001 = {
			isa = PBXGroup;
			children = (
				FA400000000000000000002 /* AquaMe */,
				FA400000000000000000003 /* Products */,
			);
			sourceTree = "<group>";
		};
		FA400000000000000000002 /* AquaMe */ = {
			isa = PBXGroup;
			children = (
				FA100000000000000000001 /* AppDelegate.swift */,
				FA100000000000000000002 /* SceneDelegate.swift */,
				FA100000000000000000004 /* Info.plist */,
				FA400000000000000000010 /* Coordinators */,
				FA400000000000000000011 /* Modules */,
				FA400000000000000000024 /* Common */,
				FB400000000000000000001 /* Services */,
				FB400000000000000000003 /* Models */,
				FB100000000000000000002 /* GoogleService-Info.plist */,
			);
			path = AquaMe;
			sourceTree = "<group>";
		};
		FA400000000000000000003 /* Products */ = {
			isa = PBXGroup;
			children = (
				FA200000000000000000001 /* AquaMe.app */,
			);
			name = Products;
			sourceTree = "<group>";
		};
		FA400000000000000000010 /* Coordinators */ = {
			isa = PBXGroup;
			children = (
				FA100000000000000000010 /* Coordinator.swift */,
				FA100000000000000000011 /* AppCoordinator.swift */,
				FA100000000000000000012 /* MainCoordinator.swift */,
			);
			path = Coordinators;
			sourceTree = "<group>";
		};
		FA400000000000000000011 /* Modules */ = {
			isa = PBXGroup;
			children = (
				EA5B6A572F81612F005357F6 /* Register */,
				EA5B6A4B2F816128005357F6 /* Auth */,
				FA400000000000000000020 /* Onboarding */,
				FA400000000000000000026 /* Greeting */,
				FA400000000000000000027 /* Goal */,
				FA400000000000000000012 /* Today */,
				FA400000000000000000021 /* Progress */,
				FA400000000000000000022 /* Settings */,
				FA400000000000000000023 /* Main */,
				FB400000000000000000002 /* Test */,
				FB400000000000000000004 /* Profile */,
			);
			path = Modules;
			sourceTree = "<group>";
		};
		FA400000000000000000012 /* Today */ = {
			isa = PBXGroup;
			children = (
				FA400000000000000000060 /* ViewModel */,
				FA400000000000000000061 /* View */,
				FA400000000000000000062 /* Controller */,
			);
			path = Today;
			sourceTree = "<group>";
		};
		FA400000000000000000020 /* Onboarding */ = {
			isa = PBXGroup;
			children = (
				FA400000000000000000063 /* ViewModel */,
				FA400000000000000000064 /* View */,
				FA400000000000000000065 /* Controller */,
			);
			path = Onboarding;
			sourceTree = "<group>";
		};
		FA400000000000000000021 /* Progress */ = {
			isa = PBXGroup;
			children = (
				FA400000000000000000066 /* ViewModel */,
				FA400000000000000000067 /* View */,
				FA400000000000000000068 /* Controller */,
			);
			path = Progress;
			sourceTree = "<group>";
		};
		FA400000000000000000022 /* Settings */ = {
			isa = PBXGroup;
			children = (
				FA400000000000000000069 /* ViewModel */,
				FA400000000000000000070 /* View */,
				FA400000000000000000071 /* Controller */,
			);
			path = Settings;
			sourceTree = "<group>";
		};
		FA400000000000000000023 /* Main */ = {
			isa = PBXGroup;
			children = (
				FA400000000000000000072 /* Controller */,
			);
			path = Main;
			sourceTree = "<group>";
		};
		FA400000000000000000024 /* Common */ = {
			isa = PBXGroup;
			children = (
				FA400000000000000000025 /* TabBar */,
				FA400000000000000000080 /* Components */,
			);
			path = Common;
			sourceTree = "<group>";
		};
		FA400000000000000000080 /* Components */ = {
			isa = PBXGroup;
			children = (
				FA400000000000000000081 /* CUITextField */,
				FA400000000000000000082 /* CUIButton */,
				FA400000000000000000083 /* CUISelectCard */,
				FA400000000000000000084 /* CUIText */,
				FA400000000000000000085 /* CUINavigationBar */,
				FA400000000000000000086 /* CUISocialButton */,
			);
			path = Components;
			sourceTree = "<group>";
		};
		FA400000000000000000081 /* CUITextField */ = {
			isa = PBXGroup;
			children = (
				FA100000000000000000060 /* CUITextField.swift */,
			);
			path = CUITextField;
			sourceTree = "<group>";
		};
		FA400000000000000000082 /* CUIButton */ = {
			isa = PBXGroup;
			children = (
				FA100000000000000000061 /* CUIButton.swift */,
			);
			path = CUIButton;
			sourceTree = "<group>";
		};
		FA400000000000000000083 /* CUISelectCard */ = {
			isa = PBXGroup;
			children = (
				FA100000000000000000062 /* CUISelectCard.swift */,
			);
			path = CUISelectCard;
			sourceTree = "<group>";
		};
		FA400000000000000000084 /* CUIText */ = {
			isa = PBXGroup;
			children = (
				FA100000000000000000063 /* CUIText.swift */,
			);
			path = CUIText;
			sourceTree = "<group>";
		};
		FA400000000000000000085 /* CUINavigationBar */ = {
			isa = PBXGroup;
			children = (
				FA100000000000000000064 /* CUINavigationBar.swift */,
			);
			path = CUINavigationBar;
			sourceTree = "<group>";
		};
		FA400000000000000000086 /* CUISocialButton */ = {
			isa = PBXGroup;
			children = (
				FA100000000000000000065 /* CUISocialButton.swift */,
			);
			path = CUISocialButton;
			sourceTree = "<group>";
		};
		FA400000000000000000025 /* TabBar */ = {
			isa = PBXGroup;
			children = (
				FA100000000000000000050 /* MainTabBarView.swift */,
			);
			path = TabBar;
			sourceTree = "<group>";
		};
		FA400000000000000000060 /* ViewModel */ = {
			isa = PBXGroup;
			children = (
				FA100000000000000000013 /* TodayViewModelProtocol.swift */,
				FA100000000000000000014 /* TodayViewModel.swift */,
			);
			path = ViewModel;
			sourceTree = "<group>";
		};
		FA400000000000000000061 /* View */ = {
			isa = PBXGroup;
			children = (
				FA100000000000000000015 /* TodayView.swift */,
			);
			path = View;
			sourceTree = "<group>";
		};
		FA400000000000000000062 /* Controller */ = {
			isa = PBXGroup;
			children = (
				FA100000000000000000016 /* TodayViewController.swift */,
			);
			path = Controller;
			sourceTree = "<group>";
		};
		FA400000000000000000063 /* ViewModel */ = {
			isa = PBXGroup;
			children = (
				FA100000000000000000020 /* OnboardingViewModelProtocol.swift */,
				FA100000000000000000021 /* OnboardingViewModel.swift */,
			);
			path = ViewModel;
			sourceTree = "<group>";
		};
		FA400000000000000000064 /* View */ = {
			isa = PBXGroup;
			children = (
				FA100000000000000000022 /* OnboardingView.swift */,
			);
			path = View;
			sourceTree = "<group>";
		};
		FA400000000000000000065 /* Controller */ = {
			isa = PBXGroup;
			children = (
				FA100000000000000000023 /* OnboardingViewController.swift */,
			);
			path = Controller;
			sourceTree = "<group>";
		};
		/* Greeting module */
		FA400000000000000000026 /* Greeting */ = {
			isa = PBXGroup;
			children = (
				FA400000000000000000080 /* ViewModel */,
				FA400000000000000000081 /* View */,
				FA400000000000000000082 /* Controller */,
			);
			path = Greeting;
			sourceTree = "<group>";
		};
		FA400000000000000000080 /* ViewModel */ = {
			isa = PBXGroup;
			children = (
				FA100000000000000000060 /* GreetingViewModelProtocol.swift */,
				FA100000000000000000061 /* GreetingViewModel.swift */,
			);
			path = ViewModel;
			sourceTree = "<group>";
		};
		FA400000000000000000081 /* View */ = {
			isa = PBXGroup;
			children = (
				FA100000000000000000062 /* GreetingView.swift */,
			);
			path = View;
			sourceTree = "<group>";
		};
		FA400000000000000000082 /* Controller */ = {
			isa = PBXGroup;
			children = (
				FA100000000000000000063 /* GreetingViewController.swift */,
			);
			path = Controller;
			sourceTree = "<group>";
		};
		/* Goal module */
		FA400000000000000000027 /* Goal */ = {
			isa = PBXGroup;
			children = (
				FA400000000000000000083 /* ViewModel */,
				FA400000000000000000084 /* View */,
				FA400000000000000000085 /* Controller */,
			);
			path = Goal;
			sourceTree = "<group>";
		};
		FA400000000000000000083 /* ViewModel */ = {
			isa = PBXGroup;
			children = (
				FA100000000000000000070 /* GoalViewModelProtocol.swift */,
				FA100000000000000000071 /* GoalViewModel.swift */,
			);
			path = ViewModel;
			sourceTree = "<group>";
		};
		FA400000000000000000084 /* View */ = {
			isa = PBXGroup;
			children = (
				FA100000000000000000072 /* GoalView.swift */,
			);
			path = View;
			sourceTree = "<group>";
		};
		FA400000000000000000085 /* Controller */ = {
			isa = PBXGroup;
			children = (
				FA100000000000000000073 /* GoalViewController.swift */,
			);
			path = Controller;
			sourceTree = "<group>";
		};
		/* Progress module */
		FA400000000000000000021 /* Progress */ = {
			isa = PBXGroup;
			children = (
				FA400000000000000000066 /* ViewModel */,
				FA400000000000000000067 /* View */,
				FA400000000000000000068 /* Controller */,
			);
			path = Progress;
			sourceTree = "<group>";
		};
		FA400000000000000000066 /* ViewModel */ = {
			isa = PBXGroup;
			children = (
				FA100000000000000000030 /* ProgressViewModelProtocol.swift */,
				FA100000000000000000031 /* ProgressViewModel.swift */,
			);
			path = ViewModel;
			sourceTree = "<group>";
		};
		FA400000000000000000067 /* View */ = {
			isa = PBXGroup;
			children = (
				FA100000000000000000032 /* ProgressView.swift */,
			);
			path = View;
			sourceTree = "<group>";
		};
		FA400000000000000000068 /* Controller */ = {
			isa = PBXGroup;
			children = (
				FA100000000000000000033 /* ProgressViewController.swift */,
			);
			path = Controller;
			sourceTree = "<group>";
		};
		FA400000000000000000069 /* ViewModel */ = {
			isa = PBXGroup;
			children = (
				FA100000000000000000040 /* SettingsViewModelProtocol.swift */,
				FA100000000000000000041 /* SettingsViewModel.swift */,
			);
			path = ViewModel;
			sourceTree = "<group>";
		};
		FA400000000000000000070 /* View */ = {
			isa = PBXGroup;
			children = (
				FA100000000000000000042 /* SettingsView.swift */,
			);
			path = View;
			sourceTree = "<group>";
		};
		FA400000000000000000071 /* Controller */ = {
			isa = PBXGroup;
			children = (
				FA100000000000000000043 /* SettingsViewController.swift */,
			);
			path = Controller;
			sourceTree = "<group>";
		};
		FA400000000000000000072 /* Controller */ = {
			isa = PBXGroup;
			children = (
				FA100000000000000000051 /* MainViewController.swift */,
			);
			path = Controller;
			sourceTree = "<group>";
		};
		/* Common */
		FA400000000000000000024 /* Common */ = {
			isa = PBXGroup;
			children = (
				FA400000000000000000025 /* TabBar */,
				FA400000000000000000028 /* Components */,
			);
			path = Common;
			sourceTree = "<group>";
		};
		FA400000000000000000025 /* TabBar */ = {
			isa = PBXGroup;
			children = (
				FA100000000000000000050 /* MainTabBarView.swift */,
			);
			path = TabBar;
			sourceTree = "<group>";
		};
		FA400000000000000000028 /* Components */ = {
			isa = PBXGroup;
			children = (
				FA400000000000000000086 /* CUIButton */,
				FA400000000000000000087 /* CUINavigationBar */,
				FA400000000000000000088 /* CUISelectCard */,
				FA400000000000000000089 /* CUIText */,
				FA400000000000000000090 /* CUITextField */,
				FA400000000000000000091 /* CUISocialButton */,
			);
			path = Components;
			sourceTree = "<group>";
		};
		FA400000000000000000086 /* CUIButton */ = {
			isa = PBXGroup;
			children = (
				FA100000000000000000080 /* CUIButton.swift */,
			);
			path = CUIButton;
			sourceTree = "<group>";
		};
		FA400000000000000000087 /* CUINavigationBar */ = {
			isa = PBXGroup;
			children = (
				FA100000000000000000081 /* CUINavigationBar.swift */,
			);
			path = CUINavigationBar;
			sourceTree = "<group>";
		};
		FA400000000000000000088 /* CUISelectCard */ = {
			isa = PBXGroup;
			children = (
				FA100000000000000000082 /* CUISelectCard.swift */,
			);
			path = CUISelectCard;
			sourceTree = "<group>";
		};
		FA400000000000000000089 /* CUIText */ = {
			isa = PBXGroup;
			children = (
				FA100000000000000000083 /* CUIText.swift */,
			);
			path = CUIText;
			sourceTree = "<group>";
		};
		FA400000000000000000090 /* CUITextField */ = {
			isa = PBXGroup;
			children = (
				FA100000000000000000084 /* CUITextField.swift */,
			);
			path = CUITextField;
			sourceTree = "<group>";
		};
		FA400000000000000000091 /* CUISocialButton */ = {
			isa = PBXGroup;
			children = (
				FA100000000000000000065 /* CUISocialButton.swift */,
			);
			path = CUISocialButton;
			sourceTree = "<group>";
		};
		FB400000000000000000003 /* Models */ = {
			isa = PBXGroup;
			children = (
				FB100000000000000000004 /* UserProfile.swift */,
			);
			path = Models;
			sourceTree = "<group>";
		};
		FB400000000000000000004 /* Profile */ = {
			isa = PBXGroup;
			children = (
				FB400000000000000000005 /* View */,
				FB400000000000000000006 /* Controller */,
				FB400000000000000000007 /* ViewModel */,
			);
			path = Profile;
			sourceTree = "<group>";
		};
		FB400000000000000000005 /* View */ = {
			isa = PBXGroup;
			children = (
				FB100000000000000000006 /* ProfileSheetView.swift */,
			);
			path = View;
			sourceTree = "<group>";
		};
		FB400000000000000000006 /* Controller */ = {
			isa = PBXGroup;
			children = (
				FB100000000000000000007 /* ProfileSheetViewController.swift */,
			);
			path = Controller;
			sourceTree = "<group>";
		};
		FB400000000000000000007 /* ViewModel */ = {
			isa = PBXGroup;
			children = (
				FB100000000000000000008 /* ProfileSheetViewModel.swift */,
				FB100000000000000000009 /* ProfileSheetViewModelProtocol.swift */,
			);
			path = ViewModel;
			sourceTree = "<group>";
		};
		FB400000000000000000002 /* Test */ = {
			isa = PBXGroup;
			children = (
				FB100000000000000000003 /* TestViewController.swift */,
			);
			path = Test;
			sourceTree = "<group>";
		};
		FB400000000000000000001 /* Services */ = {
			isa = PBXGroup;
			children = (
				FB100000000000000000001 /* AuthService.swift */,
				FB100000000000000000005 /* ProfileService.swift */,
			);
			path = Services;
			sourceTree = "<group>";
		};
/* End PBXGroup section */

/* Begin PBXNativeTarget section */
		FA500000000000000000001 /* AquaMe */ = {
			isa = PBXNativeTarget;
			buildConfigurationList = FA700000000000000000001 /* Build configuration list for PBXNativeTarget "AquaMe" */;
			buildPhases = (
				FA600000000000000000001 /* Sources */,
				FA300000000000000000001 /* Frameworks */,
				FA600000000000000000002 /* Resources */,
			);
			buildRules = (
			);
			dependencies = (
			);
			name = AquaMe;
			packageProductDependencies = (
				FB200000000000000000002 /* FirebaseAuth */,
				FB200000000000000000011 /* GoogleSignIn */,
				FB200000000000000000012 /* FirebaseFirestore */,
			);
			productName = AquaMe;
			productReference = FA200000000000000000001 /* AquaMe.app */;
			productType = "com.apple.product-type.application";
		};
/* End PBXNativeTarget section */

/* Begin PBXProject section */
		FA800000000000000000001 /* Project object */ = {
			isa = PBXProject;
			attributes = {
				BuildIndependentTargetsInParallel = 1;
				LastSwiftUpdateCheck = 1500;
				LastUpgradeCheck = 1500;
				TargetAttributes = {
					FA500000000000000000001 = {
						CreatedOnToolsVersion = 15.0;
					};
				};
			};
			buildConfigurationList = FA700000000000000000002 /* Build configuration list for PBXProject "AquaMe" */;
			compatibilityVersion = "Xcode 14.0";
			developmentRegion = en;
			hasScannedForEncodings = 0;
			knownRegions = (
				en,
				Base,
			);
			mainGroup = FA400000000000000000001;
			productRefGroup = FA400000000000000000003 /* Products */;
			projectDirPath = "";
			projectRoot = "";
			targets = (
				FA500000000000000000001 /* AquaMe */,
			);
			packageReferences = (
				FB200000000000000000001 /* XCRemoteSwiftPackageReference "firebase-ios-sdk" */,
				FB200000000000000000010 /* XCRemoteSwiftPackageReference "GoogleSignIn-iOS" */,
			);
		};
/* End PBXProject section */

/* Begin PBXResourcesBuildPhase section */
		FA600000000000000000002 /* Resources */ = {
			isa = PBXResourcesBuildPhase;
			buildActionMask = 2147483647;
			files = (
				FB000000000000000000002 /* GoogleService-Info.plist in Resources */,
			);
			runOnlyForDeploymentPostprocessing = 0;
		};
/* End PBXResourcesBuildPhase section */

/* Begin PBXSourcesBuildPhase section */
		FA600000000000000000001 /* Sources */ = {
			isa = PBXSourcesBuildPhase;
			buildActionMask = 2147483647;
			files = (
				FA000000000000000000001 /* AppDelegate.swift in Sources */,
				FA000000000000000000002 /* SceneDelegate.swift in Sources */,
				FA000000000000000000010 /* Coordinator.swift in Sources */,
				FA000000000000000000011 /* AppCoordinator.swift in Sources */,
				FA000000000000000000012 /* MainCoordinator.swift in Sources */,
				FA000000000000000000013 /* TodayViewModelProtocol.swift in Sources */,
				FA000000000000000000014 /* TodayViewModel.swift in Sources */,
				FA000000000000000000015 /* TodayView.swift in Sources */,
				FA000000000000000000016 /* TodayViewController.swift in Sources */,
				FA000000000000000000020 /* OnboardingViewModelProtocol.swift in Sources */,
				FA000000000000000000021 /* OnboardingViewModel.swift in Sources */,
				FA000000000000000000022 /* OnboardingView.swift in Sources */,
				EA5B6A4C2F816128005357F6 /* AuthViewModel.swift in Sources */,
				EA5B6A4D2F816128005357F6 /* AuthViewController.swift in Sources */,
				EA5B6A4E2F816128005357F6 /* AuthViewModelProtocol.swift in Sources */,
				EA5B6A4F2F816128005357F6 /* AuthView.swift in Sources */,
				FA000000000000000000023 /* OnboardingViewController.swift in Sources */,
				FA000000000000000000030 /* ProgressViewModelProtocol.swift in Sources */,
				FA000000000000000000031 /* ProgressViewModel.swift in Sources */,
				FA000000000000000000032 /* ProgressView.swift in Sources */,
				EA5B6A582F81612F005357F6 /* RegisterViewController.swift in Sources */,
				EA5B6A592F81612F005357F6 /* RegisterViewModelProtocol.swift in Sources */,
				EA5B6A5A2F81612F005357F6 /* RegisterViewModel.swift in Sources */,
				EA5B6A5B2F81612F005357F6 /* RegisterView.swift in Sources */,
				FA000000000000000000033 /* ProgressViewController.swift in Sources */,
				FA000000000000000000040 /* SettingsViewModelProtocol.swift in Sources */,
				FA000000000000000000041 /* SettingsViewModel.swift in Sources */,
				FA000000000000000000042 /* SettingsView.swift in Sources */,
				FA000000000000000000043 /* SettingsViewController.swift in Sources */,
				FA000000000000000000050 /* MainTabBarView.swift in Sources */,
				FA000000000000000000051 /* MainViewController.swift in Sources */,
				FA000000000000000000060 /* GreetingViewModelProtocol.swift in Sources */,
				FA000000000000000000061 /* GreetingViewModel.swift in Sources */,
				FA000000000000000000062 /* GreetingView.swift in Sources */,
				FA000000000000000000063 /* GreetingViewController.swift in Sources */,
				FA000000000000000000065 /* CUISocialButton.swift in Sources */,
				FA000000000000000000070 /* GoalViewModelProtocol.swift in Sources */,
				FA000000000000000000071 /* GoalViewModel.swift in Sources */,
				FA000000000000000000072 /* GoalView.swift in Sources */,
				FA000000000000000000073 /* GoalViewController.swift in Sources */,
				FA000000000000000000080 /* CUIButton.swift in Sources */,
				FA000000000000000000081 /* CUINavigationBar.swift in Sources */,
				FA000000000000000000082 /* CUISelectCard.swift in Sources */,
				FA000000000000000000083 /* CUIText.swift in Sources */,
				FA000000000000000000084 /* CUITextField.swift in Sources */,
				FB000000000000000000001 /* AuthService.swift in Sources */,
				FB000000000000000000003 /* TestViewController.swift in Sources */,
				FB000000000000000000014 /* UserProfile.swift in Sources */,
				FB000000000000000000015 /* ProfileService.swift in Sources */,
				FB000000000000000000016 /* ProfileSheetView.swift in Sources */,
				FB000000000000000000017 /* ProfileSheetViewController.swift in Sources */,
				FB000000000000000000018 /* ProfileSheetViewModel.swift in Sources */,
				FB000000000000000000019 /* ProfileSheetViewModelProtocol.swift in Sources */,
			);
			runOnlyForDeploymentPostprocessing = 0;
		};
/* End PBXSourcesBuildPhase section */

/* Begin XCBuildConfiguration section */
		FA700000000000000000003 /* Debug */ = {
			isa = XCBuildConfiguration;
			buildSettings = {
				ALWAYS_SEARCH_USER_PATHS = NO;
				CLANG_ENABLE_MODULES = YES;
				CLANG_ENABLE_OBJC_ARC = YES;
				COPY_PHASE_STRIP = NO;
				DEBUG_INFORMATION_FORMAT = dwarf;
				ENABLE_TESTABILITY = YES;
				GCC_OPTIMIZATION_LEVEL = 0;
				GCC_PREPROCESSOR_DEFINITIONS = (
					"DEBUG=1",
					"$(inherited)",
				);
				IPHONEOS_DEPLOYMENT_TARGET = 16.0;
				ONLY_ACTIVE_ARCH = YES;
				SDKROOT = iphoneos;
				SWIFT_ACTIVE_COMPILATION_CONDITIONS = DEBUG;
				SWIFT_OPTIMIZATION_LEVEL = "-Onone";
			};
			name = Debug;
		};
		FA700000000000000000004 /* Release */ = {
			isa = XCBuildConfiguration;
			buildSettings = {
				ALWAYS_SEARCH_USER_PATHS = NO;
				CLANG_ENABLE_MODULES = YES;
				CLANG_ENABLE_OBJC_ARC = YES;
				COPY_PHASE_STRIP = NO;
				DEBUG_INFORMATION_FORMAT = "dwarf-with-dsym";
				ENABLE_NS_ASSERTIONS = NO;
				IPHONEOS_DEPLOYMENT_TARGET = 16.0;
				SDKROOT = iphoneos;
				SWIFT_COMPILATION_MODE = wholemodule;
				SWIFT_OPTIMIZATION_LEVEL = "-O";
				VALIDATE_PRODUCT = YES;
			};
			name = Release;
		};
		FA700000000000000000005 /* Debug */ = {
			isa = XCBuildConfiguration;
			buildSettings = {
				ASSETCATALOG_COMPILER_APPICON_NAME = AppIcon;
				CODE_SIGN_STYLE = Automatic;
				CURRENT_PROJECT_VERSION = 1;
				DEVELOPMENT_TEAM = "";
				GENERATE_INFOPLIST_FILE = NO;
				INFOPLIST_FILE = AquaMe/Info.plist;
				IPHONEOS_DEPLOYMENT_TARGET = 16.0;
				LD_RUNPATH_SEARCH_PATHS = (
					"$(inherited)",
					"@executable_path/Frameworks",
				);
				MARKETING_VERSION = 1.0;
				PRODUCT_BUNDLE_IDENTIFIER = com.example.AquaMe;
				PRODUCT_NAME = "$(TARGET_NAME)";
				SWIFT_EMIT_LOC_STRINGS = YES;
				SWIFT_VERSION = 5.0;
				TARGETED_DEVICE_FAMILY = "1,2";
			};
			name = Debug;
		};
		FA700000000000000000006 /* Release */ = {
			isa = XCBuildConfiguration;
			buildSettings = {
				ASSETCATALOG_COMPILER_APPICON_NAME = AppIcon;
				CODE_SIGN_STYLE = Automatic;
				CURRENT_PROJECT_VERSION = 1;
				DEVELOPMENT_TEAM = "";
				GENERATE_INFOPLIST_FILE = NO;
				INFOPLIST_FILE = AquaMe/Info.plist;
				IPHONEOS_DEPLOYMENT_TARGET = 16.0;
				LD_RUNPATH_SEARCH_PATHS = (
					"$(inherited)",
					"@executable_path/Frameworks",
				);
				MARKETING_VERSION = 1.0;
				PRODUCT_BUNDLE_IDENTIFIER = com.example.AquaMe;
				PRODUCT_NAME = "$(TARGET_NAME)";
				SWIFT_EMIT_LOC_STRINGS = YES;
				SWIFT_VERSION = 5.0;
				TARGETED_DEVICE_FAMILY = "1,2";
			};
			name = Release;
		};
/* End XCBuildConfiguration section */

/* Begin XCConfigurationList section */
		FA700000000000000000001 /* Build configuration list for PBXNativeTarget "AquaMe" */ = {
			isa = XCConfigurationList;
			buildConfigurations = (
				FA700000000000000000005 /* Debug */,
				FA700000000000000000006 /* Release */,
			);
			defaultConfigurationIsVisible = 0;
			defaultConfigurationName = Release;
		};
		FA700000000000000000002 /* Build configuration list for PBXProject "AquaMe" */ = {
			isa = XCConfigurationList;
			buildConfigurations = (
				FA700000000000000000003 /* Debug */,
				FA700000000000000000004 /* Release */,
			);
			defaultConfigurationIsVisible = 0;
			defaultConfigurationName = Release;
		};
/* End XCConfigurationList section */

/* Begin XCRemoteSwiftPackageReference section */
		FB200000000000000000001 /* XCRemoteSwiftPackageReference "firebase-ios-sdk" */ = {
			isa = XCRemoteSwiftPackageReference;
			repositoryURL = "https://github.com/firebase/firebase-ios-sdk";
			requirement = {
				kind = exactVersion;
				version = 10.22.0;
			};
		};
		FB200000000000000000010 /* XCRemoteSwiftPackageReference "GoogleSignIn-iOS" */ = {
			isa = XCRemoteSwiftPackageReference;
			repositoryURL = "https://github.com/google/GoogleSignIn-iOS";
			requirement = {
				kind = upToNextMajorVersion;
				minimumVersion = 7.0.0;
			};
		};
/* End XCRemoteSwiftPackageReference section */

/* Begin XCSwiftPackageProductDependency section */
		FB200000000000000000002 /* FirebaseAuth */ = {
			isa = XCSwiftPackageProductDependency;
			package = FB200000000000000000001 /* XCRemoteSwiftPackageReference "firebase-ios-sdk" */;
			productName = FirebaseAuth;
		};
		FB200000000000000000011 /* GoogleSignIn */ = {
			isa = XCSwiftPackageProductDependency;
			package = FB200000000000000000010 /* XCRemoteSwiftPackageReference "GoogleSignIn-iOS" */;
			productName = GoogleSignIn;
		};
		FB200000000000000000012 /* FirebaseFirestore */ = {
			isa = XCSwiftPackageProductDependency;
			package = FB200000000000000000001 /* XCRemoteSwiftPackageReference "firebase-ios-sdk" */;
			productName = FirebaseFirestore;
		};
/* End XCSwiftPackageProductDependency section */
	};
	rootObject = FA800000000000000000001 /* Project object */;
}
