// !$*UTF8*$!
{
	archiveVersion = 1;
	classes = {
	};
	objectVersion = 56;
	objects = {

/* Begin PBXBuildFile section */
		FA000000000000000000001 /* AppDelegate.swift in Sources */ = {isa = PBXBuildFile; fileRef = FA100000000000000000001 /* AppDelegate.swift */; };
		FA000000000000000000002 /* SceneDelegate.swift in Sources */ = {isa = PBXBuildFile; fileRef = FA100000000000000000002 /* SceneDelegate.swift */; };
		FA000000000000000000010 /* Coordinator.swift in Sources */ = {isa = PBXBuildFile; fileRef = FA100000000000000000010 /* Coordinator.swift */; };
		FA000000000000000000011 /* AppCoordinator.swift in Sources */ = {isa = PBXBuildFile; fileRef = FA100000000000000000011 /* AppCoordinator.swift */; };
		FA000000000000000000012 /* MainCoordinator.swift in Sources */ = {isa = PBXBuildFile; fileRef = FA100000000000000000012 /* MainCoordinator.swift */; };
		FA000000000000000000013 /* TodayViewModelProtocol.swift in Sources */ = {isa = PBXBuildFile; fileRef = FA100000000000000000013 /* TodayViewModelProtocol.swift */; };
		FA000000000000000000014 /* TodayViewModel.swift in Sources */ = {isa = PBXBuildFile; fileRef = FA100000000000000000014 /* TodayViewModel.swift */; };
		FA000000000000000000015 /* TodayView.swift in Sources */ = {isa = PBXBuildFile; fileRef = FA100000000000000000015 /* TodayView.swift */; };
		FA000000000000000000016 /* TodayViewController.swift in Sources */ = {isa = PBXBuildFile; fileRef = FA100000000000000000016 /* TodayViewController.swift */; };
		FA000000000000000000020 /* OnboardingViewModelProtocol.swift in Sources */ = {isa = PBXBuildFile; fileRef = FA100000000000000000020 /* OnboardingViewModelProtocol.swift */; };
		FA000000000000000000021 /* OnboardingViewModel.swift in Sources */ = {isa = PBXBuildFile; fileRef = FA100000000000000000021 /* OnboardingViewModel.swift */; };
		FA000000000000000000022 /* OnboardingView.swift in Sources */ = {isa = PBXBuildFile; fileRef = FA100000000000000000022 /* OnboardingView.swift */; };
		FA000000000000000000023 /* OnboardingViewController.swift in Sources */ = {isa = PBXBuildFile; fileRef = FA100000000000000000023 /* OnboardingViewController.swift */; };
		FA000000000000000000030 /* ProgressViewModelProtocol.swift in Sources */ = {isa = PBXBuildFile; fileRef = FA100000000000000000030 /* ProgressViewModelProtocol.swift */; };
		FA000000000000000000031 /* ProgressViewModel.swift in Sources */ = {isa = PBXBuildFile; fileRef = FA100000000000000000031 /* ProgressViewModel.swift */; };
		FA000000000000000000032 /* ProgressView.swift in Sources */ = {isa = PBXBuildFile; fileRef = FA100000000000000000032 /* ProgressView.swift */; };
		FA000000000000000000033 /* ProgressViewController.swift in Sources */ = {isa = PBXBuildFile; fileRef = FA100000000000000000033 /* ProgressViewController.swift */; };
		FA000000000000000000040 /* SettingsViewModelProtocol.swift in Sources */ = {isa = PBXBuildFile; fileRef = FA100000000000000000040 /* SettingsViewModelProtocol.swift */; };
		FA000000000000000000041 /* SettingsViewModel.swift in Sources */ = {isa = PBXBuildFile; fileRef = FA100000000000000000041 /* SettingsViewModel.swift */; };
		FA000000000000000000042 /* SettingsView.swift in Sources */ = {isa = PBXBuildFile; fileRef = FA100000000000000000042 /* SettingsView.swift */; };
		FA000000000000000000043 /* SettingsViewController.swift in Sources */ = {isa = PBXBuildFile; fileRef = FA100000000000000000043 /* SettingsViewController.swift */; };
		FA000000000000000000050 /* MainTabBarView.swift in Sources */ = {isa = PBXBuildFile; fileRef = FA100000000000000000050 /* MainTabBarView.swift */; };
		FA000000000000000000051 /* MainViewController.swift in Sources */ = {isa = PBXBuildFile; fileRef = FA100000000000000000051 /* MainViewController.swift */; };
		FA000000000000000000060 /* GreetingViewController.swift in Sources */ = {isa = PBXBuildFile; fileRef = FA100000000000000000060 /* GreetingViewController.swift */; };
		FA000000000000000000061 /* GreetingView.swift in Sources */ = {isa = PBXBuildFile; fileRef = FA100000000000000000061 /* GreetingView.swift */; };
		FA000000000000000000062 /* GreetingViewModelProtocol.swift in Sources */ = {isa = PBXBuildFile; fileRef = FA100000000000000000062 /* GreetingViewModelProtocol.swift */; };
		FA000000000000000000063 /* GreetingViewModel.swift in Sources */ = {isa = PBXBuildFile; fileRef = FA100000000000000000063 /* GreetingViewModel.swift */; };
/* End PBXBuildFile section */

/* Begin PBXFileReference section */
		FA100000000000000000001 /* AppDelegate.swift */ = {isa = PBXFileReference; lastKnownFileType = sourcecode.swift; path = AppDelegate.swift; sourceTree = "<group>"; };
		FA100000000000000000002 /* SceneDelegate.swift */ = {isa = PBXFileReference; lastKnownFileType = sourcecode.swift; path = SceneDelegate.swift; sourceTree = "<group>"; };
		FA100000000000000000004 /* Info.plist */ = {isa = PBXFileReference; lastKnownFileType = text.plist.xml; path = Info.plist; sourceTree = "<group>"; };
		FA100000000000000000010 /* Coordinator.swift */ = {isa = PBXFileReference; lastKnownFileType = sourcecode.swift; path = Coordinator.swift; sourceTree = "<group>"; };
		FA100000000000000000011 /* AppCoordinator.swift */ = {isa = PBXFileReference; lastKnownFileType = sourcecode.swift; path = AppCoordinator.swift; sourceTree = "<group>"; };
		FA100000000000000000012 /* MainCoordinator.swift */ = {isa = PBXFileReference; lastKnownFileType = sourcecode.swift; path = MainCoordinator.swift; sourceTree = "<group>"; };
		FA100000000000000000013 /* TodayViewModelProtocol.swift */ = {isa = PBXFileReference; lastKnownFileType = sourcecode.swift; path = TodayViewModelProtocol.swift; sourceTree = "<group>"; };
		FA100000000000000000014 /* TodayViewModel.swift */ = {isa = PBXFileReference; lastKnownFileType = sourcecode.swift; path = TodayViewModel.swift; sourceTree = "<group>"; };
		FA100000000000000000015 /* TodayView.swift */ = {isa = PBXFileReference; lastKnownFileType = sourcecode.swift; path = TodayView.swift; sourceTree = "<group>"; };
		FA100000000000000000016 /* TodayViewController.swift */ = {isa = PBXFileReference; lastKnownFileType = sourcecode.swift; path = TodayViewController.swift; sourceTree = "<group>"; };
		FA100000000000000000020 /* OnboardingViewModelProtocol.swift */ = {isa = PBXFileReference; lastKnownFileType = sourcecode.swift; path = OnboardingViewModelProtocol.swift; sourceTree = "<group>"; };
		FA100000000000000000021 /* OnboardingViewModel.swift */ = {isa = PBXFileReference; lastKnownFileType = sourcecode.swift; path = OnboardingViewModel.swift; sourceTree = "<group>"; };
		FA100000000000000000022 /* OnboardingView.swift */ = {isa = PBXFileReference; lastKnownFileType = sourcecode.swift; path = OnboardingView.swift; sourceTree = "<group>"; };
		FA100000000000000000023 /* OnboardingViewController.swift */ = {isa = PBXFileReference; lastKnownFileType = sourcecode.swift; path = OnboardingViewController.swift; sourceTree = "<group>"; };
		FA100000000000000000030 /* ProgressViewModelProtocol.swift */ = {isa = PBXFileReference; lastKnownFileType = sourcecode.swift; path = ProgressViewModelProtocol.swift; sourceTree = "<group>"; };
		FA100000000000000000031 /* ProgressViewModel.swift */ = {isa = PBXFileReference; lastKnownFileType = sourcecode.swift; path = ProgressViewModel.swift; sourceTree = "<group>"; };
		FA100000000000000000032 /* ProgressView.swift */ = {isa = PBXFileReference; lastKnownFileType = sourcecode.swift; path = ProgressView.swift; sourceTree = "<group>"; };
		FA100000000000000000033 /* ProgressViewController.swift */ = {isa = PBXFileReference; lastKnownFileType = sourcecode.swift; path = ProgressViewController.swift; sourceTree = "<group>"; };
		FA100000000000000000040 /* SettingsViewModelProtocol.swift */ = {isa = PBXFileReference; lastKnownFileType = sourcecode.swift; path = SettingsViewModelProtocol.swift; sourceTree = "<group>"; };
		FA100000000000000000041 /* SettingsViewModel.swift */ = {isa = PBXFileReference; lastKnownFileType = sourcecode.swift; path = SettingsViewModel.swift; sourceTree = "<group>"; };
		FA100000000000000000042 /* SettingsView.swift */ = {isa = PBXFileReference; lastKnownFileType = sourcecode.swift; path = SettingsView.swift; sourceTree = "<group>"; };
		FA100000000000000000043 /* SettingsViewController.swift */ = {isa = PBXFileReference; lastKnownFileType = sourcecode.swift; path = SettingsViewController.swift; sourceTree = "<group>"; };
		FA100000000000000000050 /* MainTabBarView.swift */ = {isa = PBXFileReference; lastKnownFileType = sourcecode.swift; path = MainTabBarView.swift; sourceTree = "<group>"; };
		FA100000000000000000051 /* MainViewController.swift */ = {isa = PBXFileReference; lastKnownFileType = sourcecode.swift; path = MainViewController.swift; sourceTree = "<group>"; };
		FA100000000000000000060 /* GreetingViewController.swift */ = {isa = PBXFileReference; lastKnownFileType = sourcecode.swift; path = GreetingViewController.swift; sourceTree = "<group>"; };
		FA100000000000000000061 /* GreetingView.swift */ = {isa = PBXFileReference; lastKnownFileType = sourcecode.swift; path = GreetingView.swift; sourceTree = "<group>"; };
		FA100000000000000000062 /* GreetingViewModelProtocol.swift */ = {isa = PBXFileReference; lastKnownFileType = sourcecode.swift; path = GreetingViewModelProtocol.swift; sourceTree = "<group>"; };
		FA100000000000000000063 /* GreetingViewModel.swift */ = {isa = PBXFileReference; lastKnownFileType = sourcecode.swift; path = GreetingViewModel.swift; sourceTree = "<group>"; };
		FA200000000000000000001 /* AquaMe.app */ = {isa = PBXFileReference; explicitFileType = wrapper.application; includeInIndex = 0; path = AquaMe.app; sourceTree = BUILT_PRODUCTS_DIR; };
/* End PBXFileReference section */

/* Begin PBXFrameworksBuildPhase section */
		FA300000000000000000001 /* Frameworks */ = {
			isa = PBXFrameworksBuildPhase;
			buildActionMask = 2147483647;
			files = ();
			runOnlyForDeploymentPostprocessing = 0;
		};
/* End PBXFrameworksBuildPhase section */

/* Begin PBXGroup section */
		FA400000000000000000001 = {
			isa = PBXGroup;
			children = (
				FA400000000000000000002 /* AquaMe */,
				FA400000000000000000003 /* Products */,
			);
			sourceTree = "<group>";
		};
		FA400000000000000000002 /* AquaMe */ = {
			isa = PBXGroup;
			children = (
				FA100000000000000000001 /* AppDelegate.swift */,
				FA100000000000000000002 /* SceneDelegate.swift */,
				FA100000000000000000004 /* Info.plist */,
				FA400000000000000000010 /* Coordinators */,
				FA400000000000000000011 /* Modules */,
				FA400000000000000000024 /* Common */,
			);
			path = AquaMe;
			sourceTree = "<group>";
		};
		FA400000000000000000003 /* Products */ = {
			isa = PBXGroup;
			children = (
				FA200000000000000000001 /* AquaMe.app */,
			);
			name = Products;
			sourceTree = "<group>";
		};
		FA400000000000000000010 /* Coordinators */ = {
			isa = PBXGroup;
			children = (
				FA100000000000000000010 /* Coordinator.swift */,
				FA100000000000000000011 /* AppCoordinator.swift */,
				FA100000000000000000012 /* MainCoordinator.swift */,
			);
			path = Coordinators;
			sourceTree = "<group>";
		};
		FA400000000000000000011 /* Modules */ = {
			isa = PBXGroup;
			children = (
				FA400000000000000000020 /* Onboarding */,
				FA400000000000000000080 /* Greeting */,
				FA400000000000000000012 /* Today */,
				FA400000000000000000021 /* Progress */,
				FA400000000000000000022 /* Settings */,
				FA400000000000000000023 /* Main */,
			);
			path = Modules;
			sourceTree = "<group>";
		};
		/* Greeting module */
		FA400000000000000000080 /* Greeting */ = {
			isa = PBXGroup;
			children = (
				FA400000000000000000081 /* ViewModel */,
				FA400000000000000000082 /* View */,
				FA400000000000000000083 /* Controller */,
			);
			path = Greeting;
			sourceTree = "<group>";
		};
		FA400000000000000000081 /* ViewModel */ = {
			isa = PBXGroup;
			children = (
				FA100000000000000000062 /* GreetingViewModelProtocol.swift */,
				FA100000000000000000063 /* GreetingViewModel.swift */,
			);
			path = ViewModel;
			sourceTree = "<group>";
		};
		FA400000000000000000082 /* View */ = {
			isa = PBXGroup;
			children = (
				FA100000000000000000061 /* GreetingView.swift */,
			);
			path = View;
			sourceTree = "<group>";
		};
		FA400000000000000000083 /* Controller */ = {
			isa = PBXGroup;
			children = (
				FA100000000000000000060 /* GreetingViewController.swift */,
			);
			path = Controller;
			sourceTree = "<group>";
		};
		/* Today module */
		FA400000000000000000012 /* Today */ = {
			isa = PBXGroup;
			children = (
				FA400000000000000000060 /* ViewModel */,
				FA400000000000000000061 /* View */,
				FA400000000000000000062 /* Controller */,
			);
			path = Today;
			sourceTree = "<group>";
		};
		FA400000000000000000060 /* ViewModel */ = {
			isa = PBXGroup;
			children = (
				FA100000000000000000013 /* TodayViewModelProtocol.swift */,
				FA100000000000000000014 /* TodayViewModel.swift */,
			);
			path = ViewModel;
			sourceTree = "<group>";
		};
		FA400000000000000000061 /* View */ = {
			isa = PBXGroup;
			children = (
				FA100000000000000000015 /* TodayView.swift */,
			);
			path = View;
			sourceTree = "<group>";
		};
		FA400000000000000000062 /* Controller */ = {
			isa = PBXGroup;
			children = (
				FA100000000000000000016 /* TodayViewController.swift */,
			);
			path = Controller;
			sourceTree = "<group>";
		};
		/* Onboarding module */
		FA400000000000000000020 /* Onboarding */ = {
			isa = PBXGroup;
			children = (
				FA400000000000000000063 /* ViewModel */,
				FA400000000000000000064 /* View */,
				FA400000000000000000065 /* Controller */,
			);
			path = Onboarding;
			sourceTree = "<group>";
		};
		FA400000000000000000063 /* ViewModel */ = {
			isa = PBXGroup;
			children = (
				FA100000000000000000020 /* OnboardingViewModelProtocol.swift */,
				FA100000000000000000021 /* OnboardingViewModel.swift */,
			);
			path = ViewModel;
			sourceTree = "<group>";
		};
		FA400000000000000000064 /* View */ = {
			isa = PBXGroup;
			children = (
				FA100000000000000000022 /* OnboardingView.swift */,
			);
			path = View;
			sourceTree = "<group>";
		};
		FA400000000000000000065 /* Controller */ = {
			isa = PBXGroup;
			children = (
				FA100000000000000000023 /* OnboardingViewController.swift */,
			);
			path = Controller;
			sourceTree = "<group>";
		};
		/* Progress module */
		FA400000000000000000021 /* Progress */ = {
			isa = PBXGroup;
			children = (
				FA400000000000000000066 /* ViewModel */,
				FA400000000000000000067 /* View */,
				FA400000000000000000068 /* Controller */,
			);
			path = Progress;
			sourceTree = "<group>";
		};
		FA400000000000000000066 /* ViewModel */ = {
			isa = PBXGroup;
			children = (
				FA100000000000000000030 /* ProgressViewModelProtocol.swift */,
				FA100000000000000000031 /* ProgressViewModel.swift */,
			);
			path = ViewModel;
			sourceTree = "<group>";
		};
		FA400000000000000000067 /* View */ = {
			isa = PBXGroup;
			children = (
				FA100000000000000000032 /* ProgressView.swift */,
			);
			path = View;
			sourceTree = "<group>";
		};
		FA400000000000000000068 /* Controller */ = {
			isa = PBXGroup;
			children = (
				FA100000000000000000033 /* ProgressViewController.swift */,
			);
			path = Controller;
			sourceTree = "<group>";
		};
		/* Settings module */
		FA400000000000000000022 /* Settings */ = {
			isa = PBXGroup;
			children = (
				FA400000000000000000069 /* ViewModel */,
				FA400000000000000000070 /* View */,
				FA400000000000000000071 /* Controller */,
			);
			path = Settings;
			sourceTree = "<group>";
		};
		FA400000000000000000069 /* ViewModel */ = {
			isa = PBXGroup;
			children = (
				FA100000000000000000040 /* SettingsViewModelProtocol.swift */,
				FA100000000000000000041 /* SettingsViewModel.swift */,
			);
			path = ViewModel;
			sourceTree = "<group>";
		};
		FA400000000000000000070 /* View */ = {
			isa = PBXGroup;
			children = (
				FA100000000000000000042 /* SettingsView.swift */,
			);
			path = View;
			sourceTree = "<group>";
		};
		FA400000000000000000071 /* Controller */ = {
			isa = PBXGroup;
			children = (
				FA100000000000000000043 /* SettingsViewController.swift */,
			);
			path = Controller;
			sourceTree = "<group>";
		};
		/* Main module */
		FA400000000000000000023 /* Main */ = {
			isa = PBXGroup;
			children = (
				FA400000000000000000072 /* Controller */,
			);
			path = Main;
			sourceTree = "<group>";
		};
		FA400000000000000000072 /* Controller */ = {
			isa = PBXGroup;
			children = (
				FA100000000000000000051 /* MainViewController.swift */,
			);
			path = Controller;
			sourceTree = "<group>";
		};
		/* Common */
		FA400000000000000000024 /* Common */ = {
			isa = PBXGroup;
			children = (
				FA400000000000000000025 /* TabBar */,
			);
			path = Common;
			sourceTree = "<group>";
		};
		FA400000000000000000025 /* TabBar */ = {
			isa = PBXGroup;
			children = (
				FA100000000000000000050 /* MainTabBarView.swift */,
			);
			path = TabBar;
			sourceTree = "<group>";
		};
/* End PBXGroup section */

/* Begin PBXNativeTarget section */
		FA500000000000000000001 /* AquaMe */ = {
			isa = PBXNativeTarget;
			buildConfigurationList = FA700000000000000000001 /* Build configuration list for PBXNativeTarget "AquaMe" */;
			buildPhases = (
				FA600000000000000000001 /* Sources */,
				FA300000000000000000001 /* Frameworks */,
				FA600000000000000000002 /* Resources */,
			);
			buildRules = ();
			dependencies = ();
			name = AquaMe;
			productName = AquaMe;
			productReference = FA200000000000000000001 /* AquaMe.app */;
			productType = "com.apple.product-type.application";
		};
/* End PBXNativeTarget section */

/* Begin PBXProject section */
		FA800000000000000000001 /* Project object */ = {
			isa = PBXProject;
			attributes = {
				BuildIndependentTargetsInParallel = 1;
				LastSwiftUpdateCheck = 1500;
				LastUpgradeCheck = 1500;
				TargetAttributes = {
					FA500000000000000000001 = {
						CreatedOnToolsVersion = 15.0;
					};
				};
			};
			buildConfigurationList = FA700000000000000000002 /* Build configuration list for PBXProject "AquaMe" */;
			compatibilityVersion = "Xcode 14.0";
			developmentRegion = en;
			hasScannedForEncodings = 0;
			knownRegions = (en, Base);
			mainGroup = FA400000000000000000001;
			productRefGroup = FA400000000000000000003 /* Products */;
			projectDirPath = "";
			projectRoot = "";
			targets = (
				FA500000000000000000001 /* AquaMe */,
			);
		};
/* End PBXProject section */

/* Begin PBXResourcesBuildPhase section */
		FA600000000000000000002 /* Resources */ = {
			isa = PBXResourcesBuildPhase;
			buildActionMask = 2147483647;
			files = ();
			runOnlyForDeploymentPostprocessing = 0;
		};
/* End PBXResourcesBuildPhase section */

/* Begin PBXSourcesBuildPhase section */
		FA600000000000000000001 /* Sources */ = {
			isa = PBXSourcesBuildPhase;
			buildActionMask = 2147483647;
			files = (
				FA000000000000000000001 /* AppDelegate.swift in Sources */,
				FA000000000000000000002 /* SceneDelegate.swift in Sources */,
				FA000000000000000000010 /* Coordinator.swift in Sources */,
				FA000000000000000000011 /* AppCoordinator.swift in Sources */,
				FA000000000000000000012 /* MainCoordinator.swift in Sources */,
				FA000000000000000000013 /* TodayViewModelProtocol.swift in Sources */,
				FA000000000000000000014 /* TodayViewModel.swift in Sources */,
				FA000000000000000000015 /* TodayView.swift in Sources */,
				FA000000000000000000016 /* TodayViewController.swift in Sources */,
				FA000000000000000000020 /* OnboardingViewModelProtocol.swift in Sources */,
				FA000000000000000000021 /* OnboardingViewModel.swift in Sources */,
				FA000000000000000000022 /* OnboardingView.swift in Sources */,
				FA000000000000000000023 /* OnboardingViewController.swift in Sources */,
				FA000000000000000000030 /* ProgressViewModelProtocol.swift in Sources */,
				FA000000000000000000031 /* ProgressViewModel.swift in Sources */,
				FA000000000000000000032 /* ProgressView.swift in Sources */,
				FA000000000000000000033 /* ProgressViewController.swift in Sources */,
				FA000000000000000000040 /* SettingsViewModelProtocol.swift in Sources */,
				FA000000000000000000041 /* SettingsViewModel.swift in Sources */,
				FA000000000000000000042 /* SettingsView.swift in Sources */,
				FA000000000000000000043 /* SettingsViewController.swift in Sources */,
				FA000000000000000000050 /* MainTabBarView.swift in Sources */,
				FA000000000000000000051 /* MainViewController.swift in Sources */,
				FA000000000000000000060 /* GreetingViewController.swift in Sources */,
				FA000000000000000000061 /* GreetingView.swift in Sources */,
				FA000000000000000000062 /* GreetingViewModelProtocol.swift in Sources */,
				FA000000000000000000063 /* GreetingViewModel.swift in Sources */,
			);
			runOnlyForDeploymentPostprocessing = 0;
		};
/* End PBXSourcesBuildPhase section */

/* Begin XCBuildConfiguration section */
		FA700000000000000000003 /* Debug */ = {
			isa = XCBuildConfiguration;
			buildSettings = {
				ALWAYS_SEARCH_USER_PATHS = NO;
				CLANG_ENABLE_MODULES = YES;
				CLANG_ENABLE_OBJC_ARC = YES;
				COPY_PHASE_STRIP = NO;
				DEBUG_INFORMATION_FORMAT = dwarf;
				ENABLE_TESTABILITY = YES;
				GCC_OPTIMIZATION_LEVEL = 0;
				GCC_PREPROCESSOR_DEFINITIONS = ("DEBUG=1", "$(inherited)");
				IPHONEOS_DEPLOYMENT_TARGET = 16.0;
				ONLY_ACTIVE_ARCH = YES;
				SDKROOT = iphoneos;
				SWIFT_ACTIVE_COMPILATION_CONDITIONS = DEBUG;
				SWIFT_OPTIMIZATION_LEVEL = "-Onone";
			};
			name = Debug;
		};
		FA700000000000000000004 /* Release */ = {
			isa = XCBuildConfiguration;
			buildSettings = {
				ALWAYS_SEARCH_USER_PATHS = NO;
				CLANG_ENABLE_MODULES = YES;
				CLANG_ENABLE_OBJC_ARC = YES;
				COPY_PHASE_STRIP = NO;
				DEBUG_INFORMATION_FORMAT = "dwarf-with-dsym";
				ENABLE_NS_ASSERTIONS = NO;
				IPHONEOS_DEPLOYMENT_TARGET = 16.0;
				SDKROOT = iphoneos;
				SWIFT_COMPILATION_MODE = wholemodule;
				SWIFT_OPTIMIZATION_LEVEL = "-O";
				VALIDATE_PRODUCT = YES;
			};
			name = Release;
		};
		FA700000000000000000005 /* Debug */ = {
			isa = XCBuildConfiguration;
			buildSettings = {
				ASSETCATALOG_COMPILER_APPICON_NAME = AppIcon;
				CODE_SIGN_STYLE = Automatic;
				CURRENT_PROJECT_VERSION = 1;
				DEVELOPMENT_TEAM = "";
				GENERATE_INFOPLIST_FILE = NO;
				INFOPLIST_FILE = AquaMe/Info.plist;
				IPHONEOS_DEPLOYMENT_TARGET = 16.0;
				LD_RUNPATH_SEARCH_PATHS = ("$(inherited)", "@executable_path/Frameworks");
				MARKETING_VERSION = 1.0;
				PRODUCT_BUNDLE_IDENTIFIER = com.example.AquaMe;
				PRODUCT_NAME = "$(TARGET_NAME)";
				SWIFT_EMIT_LOC_STRINGS = YES;
				SWIFT_VERSION = 5.0;
				TARGETED_DEVICE_FAMILY = "1,2";
			};
			name = Debug;
		};
		FA700000000000000000006 /* Release */ = {
			isa = XCBuildConfiguration;
			buildSettings = {
				ASSETCATALOG_COMPILER_APPICON_NAME = AppIcon;
				CODE_SIGN_STYLE = Automatic;
				CURRENT_PROJECT_VERSION = 1;
				DEVELOPMENT_TEAM = "";
				GENERATE_INFOPLIST_FILE = NO;
				INFOPLIST_FILE = AquaMe/Info.plist;
				IPHONEOS_DEPLOYMENT_TARGET = 16.0;
				LD_RUNPATH_SEARCH_PATHS = ("$(inherited)", "@executable_path/Frameworks");
				MARKETING_VERSION = 1.0;
				PRODUCT_BUNDLE_IDENTIFIER = com.example.AquaMe;
				PRODUCT_NAME = "$(TARGET_NAME)";
				SWIFT_EMIT_LOC_STRINGS = YES;
				SWIFT_VERSION = 5.0;
				TARGETED_DEVICE_FAMILY = "1,2";
			};
			name = Release;
		};
/* End XCBuildConfiguration section */

/* Begin XCConfigurationList section */
		FA700000000000000000002 /* Build configuration list for PBXProject "AquaMe" */ = {
			isa = XCConfigurationList;
			buildConfigurations = (
				FA700000000000000000003 /* Debug */,
				FA700000000000000000004 /* Release */,
			);
			defaultConfigurationIsVisible = 0;
			defaultConfigurationName = Release;
		};
		FA700000000000000000001 /* Build configuration list for PBXNativeTarget "AquaMe" */ = {
			isa = XCConfigurationList;
			buildConfigurations = (
				FA700000000000000000005 /* Debug */,
				FA700000000000000000006 /* Release */,
			);
			defaultConfigurationIsVisible = 0;
			defaultConfigurationName = Release;
		};
/* End XCConfigurationList section */

	};
	rootObject = FA800000000000000000001 /* Project object */;
}
